// !$*UTF8*$!
{
	archiveVersion = 1;
	classes = {
	};
	objectVersion = 50;
	objects = {

/* Begin PBXGroup section */
		F6E38BD0271D2B7B00E54259 = {
			isa = PBXGroup;
			children = (
			);
			sourceTree = "<group>";
		};
/* End PBXGroup section */

/* Begin PBXProject section */
		F6E38BD1271D2B7B00E54259 /* Project object */ = {
			isa = PBXProject;
			attributes = {
				LastUpgradeCheck = 1250;
			};
			buildConfigurationList = F6E38BD4271D2B7B00E54259 /* Build configuration list for PBXProject "Rudder" */;
			compatibilityVersion = "Xcode 9.3";
			developmentRegion = en;
			hasScannedForEncodings = 0;
			knownRegions = (
				en,
				Base,
			);
			mainGroup = F6E38BD0271D2B7B00E54259;
			projectDirPath = "";
			projectRoot = "";
			targets = (
			);
		};
/* End PBXProject section */

/* Begin XCBuildConfiguration section */
		F6E38BD5271D2B7B00E54259 /* Debug */ = {
			isa = XCBuildConfiguration;
			buildSettings = {
			};
			name = Debug;
		};
		F6E38BD6271D2B7B00E54259 /* Release */ = {
			isa = XCBuildConfiguration;
			buildSettings = {
			};
			name = Release;
		};
/* End XCBuildConfiguration section */

/* Begin XCConfigurationList section */
		F6E38BD4271D2B7B00E54259 /* Build configuration list for PBXProject "Rudder" */ = {
			isa = XCConfigurationList;
			buildConfigurations = (
				F6E38BD5271D2B7B00E54259 /* Debug */,
				F6E38BD6271D2B7B00E54259 /* Release */,
			);
			defaultConfigurationIsVisible = 0;
			defaultConfigurationName = Release;
		};
/* End XCConfigurationList section */
	};
	rootObject = F6E38BD1271D2B7B00E54259 /* Project object */;
}
